
Microsoft Visual Studio Solution File, Format Version 12.00
# Visual Studio Version 17
VisualStudioVersion = 17.1.32328.378
MinimumVisualStudioVersion = 10.0.40219.1
Project("{9A19103F-16F7-4668-BE54-9A1E7A4F7556}") = "Diligent.MinimalAPI", "Diligent.MinimalAPI.csproj", "{6A779CAA-35A7-4FA6-8F6C-28F5AC242DC4}"
EndProject
Global
	GlobalSection(SolutionConfigurationPlatforms) = preSolution
		Debug|Any CPU = Debug|Any CPU
		Release|Any CPU = Release|Any CPU
	EndGlobalSection
	GlobalSection(ProjectConfigurationPlatforms) = postSolution
		{6A779CAA-35A7-4FA6-8F6C-28F5AC242DC4}.Debug|Any CPU.ActiveCfg = Debug|Any CPU
		{6A779CAA-35A7-4FA6-8F6C-28F5AC242DC4}.Debug|Any CPU.Build.0 = Debug|Any CPU
		{6A779CAA-35A7-4FA6-8F6C-28F5AC242DC4}.Release|Any CPU.ActiveCfg = Release|Any CPU
		{6A779CAA-35A7-4FA6-8F6C-28F5AC242DC4}.Release|Any CPU.Build.0 = Release|Any CPU
	EndGlobalSection
	GlobalSection(SolutionProperties) = preSolution
		HideSolutionNode = FALSE
	EndGlobalSection
	GlobalSection(ExtensibilityGlobals) = postSolution
		SolutionGuid = {B9CD2203-EDCB-4F91-8F5D-1970CE1646EB}
	EndGlobalSection
EndGlobal
